
Microsoft Visual Studio Solution File, Format Version 11.00
# Visual Studio 2010
Project("{2150E333-8FDC-42A3-9474-1A3956D46DE8}") = "Libraries", "Libraries", "{8D577093-4B73-400B-AD7D-B07F2FD6285F}"
EndProject
Project("{2150E333-8FDC-42A3-9474-1A3956D46DE8}") = "Nova.Core", "Nova.Core", "{98F15474-3C8C-4291-A4AB-5BB584C92E3C}"
EndProject
Project("{FAE04EC0-301F-11D3-BF4B-00C04F79EFBC}") = "Nova.Core", "Libraries\Nova.Core\Nova.Core.csproj", "{D3960DEC-B8FD-41ED-9FC2-17F045C799EA}"
EndProject
Global
	GlobalSection(SolutionConfigurationPlatforms) = preSolution
		Debug|Any CPU = Debug|Any CPU
		Release|Any CPU = Release|Any CPU
	EndGlobalSection
	GlobalSection(ProjectConfigurationPlatforms) = postSolution
		{D3960DEC-B8FD-41ED-9FC2-17F045C799EA}.Debug|Any CPU.ActiveCfg = Debug|Any CPU
		{D3960DEC-B8FD-41ED-9FC2-17F045C799EA}.Debug|Any CPU.Build.0 = Debug|Any CPU
		{D3960DEC-B8FD-41ED-9FC2-17F045C799EA}.Release|Any CPU.ActiveCfg = Release|Any CPU
		{D3960DEC-B8FD-41ED-9FC2-17F045C799EA}.Release|Any CPU.Build.0 = Release|Any CPU
	EndGlobalSection
	GlobalSection(SolutionProperties) = preSolution
		HideSolutionNode = FALSE
	EndGlobalSection
	GlobalSection(NestedProjects) = preSolution
		{98F15474-3C8C-4291-A4AB-5BB584C92E3C} = {8D577093-4B73-400B-AD7D-B07F2FD6285F}
		{D3960DEC-B8FD-41ED-9FC2-17F045C799EA} = {98F15474-3C8C-4291-A4AB-5BB584C92E3C}
	EndGlobalSection
EndGlobal
